
Microsoft Visual Studio Solution File, Format Version 12.00
# Visual Studio Version 16
VisualStudioVersion = 16.0.31229.75
MinimumVisualStudioVersion = 10.0.40219.1
Project("{FAE04EC0-301F-11D3-BF4B-00C04F79EFBC}") = "RealEstateProject", "RealEstateProject\RealEstateProject.csproj", "{25738144-D19D-4337-BE9D-0B90794188F2}"
EndProject
Project("{FAE04EC0-301F-11D3-BF4B-00C04F79EFBC}") = "ApplicationCore", "ApplicationCore\ApplicationCore.csproj", "{028B2B87-297F-4F94-8FB8-5A0E3F0AD8DA}"
EndProject
Global
	GlobalSection(SolutionConfigurationPlatforms) = preSolution
		Debug|Any CPU = Debug|Any CPU
		Release|Any CPU = Release|Any CPU
	EndGlobalSection
	GlobalSection(ProjectConfigurationPlatforms) = postSolution
		{25738144-D19D-4337-BE9D-0B90794188F2}.Debug|Any CPU.ActiveCfg = Debug|Any CPU
		{25738144-D19D-4337-BE9D-0B90794188F2}.Debug|Any CPU.Build.0 = Debug|Any CPU
		{25738144-D19D-4337-BE9D-0B90794188F2}.Release|Any CPU.ActiveCfg = Release|Any CPU
		{25738144-D19D-4337-BE9D-0B90794188F2}.Release|Any CPU.Build.0 = Release|Any CPU
		{028B2B87-297F-4F94-8FB8-5A0E3F0AD8DA}.Debug|Any CPU.ActiveCfg = Debug|Any CPU
		{028B2B87-297F-4F94-8FB8-5A0E3F0AD8DA}.Debug|Any CPU.Build.0 = Debug|Any CPU
		{028B2B87-297F-4F94-8FB8-5A0E3F0AD8DA}.Release|Any CPU.ActiveCfg = Release|Any CPU
		{028B2B87-297F-4F94-8FB8-5A0E3F0AD8DA}.Release|Any CPU.Build.0 = Release|Any CPU
	EndGlobalSection
	GlobalSection(SolutionProperties) = preSolution
		HideSolutionNode = FALSE
	EndGlobalSection
	GlobalSection(ExtensibilityGlobals) = postSolution
		SolutionGuid = {E8D2446C-6EE5-4E76-8BC5-7467FF2E4598}
	EndGlobalSection
EndGlobal
